{
  "name": "gci",
  "version": "1.0.1",
  "lockfileVersion": 1,
  "requires": true,
  "dependencies": {
    "kleur": {
      "version": "3.0.3",
      "resolved": "https://registry.npmjs.org/kleur/-/kleur-3.0.3.tgz",
      "integrity": "sha512-eTIzlVOSUR+JxdDFepEYcBMtZ9Qqdef+rnzWdRZuMbOywu5tO2w2N7rqjoANZ5k9vywhL6Br1VRjUIgTQx4E8w=="
    },
    "prompts": {
      "version": "2.0.4",
      "resolved": "https://registry.npmjs.org/prompts/-/prompts-2.0.4.tgz",
      "integrity": "sha512-HTzM3UWp/99A0gk51gAegwo1QRYA7xjcZufMNe33rCclFszUYAuHe1fIN/3ZmiHeGPkUsNaRyQm1hHOfM0PKxA==",
      "requires": {
        "kleur": "^3.0.2",
        "sisteransi": "^1.0.0"
      }
    },
    "sisteransi": {
      "version": "1.0.0",
      "resolved": "https://registry.npmjs.org/sisteransi/-/sisteransi-1.0.0.tgz",
      "integrity": "sha512-N+z4pHB4AmUv0SjveWRd6q1Nj5w62m5jodv+GD8lvmbY/83T/rpbJGZOnK5T149OldDj4Db07BSv9xY4K6NTPQ=="
    }
  }
}
